// !$*UTF8*$!
{
	archiveVersion = 1;
	classes = {
	};
	objectVersion = 50;
	objects = {

/* Begin PBXBuildFile section */
		F6FFE3E623605490003534DC /* AppDelegate.swift in Sources */ = {isa = PBXBuildFile; fileRef = F6FFE3E523605490003534DC /* AppDelegate.swift */; };
		F6FFE3E823605490003534DC /* SceneDelegate.swift in Sources */ = {isa = PBXBuildFile; fileRef = F6FFE3E723605490003534DC /* SceneDelegate.swift */; };
		F6FFE3EA23605490003534DC /* ViewController.swift in Sources */ = {isa = PBXBuildFile; fileRef = F6FFE3E923605490003534DC /* ViewController.swift */; };
		F6FFE3ED23605490003534DC /* Main.storyboard in Resources */ = {isa = PBXBuildFile; fileRef = F6FFE3EB23605490003534DC /* Main.storyboard */; };
		F6FFE3EF23605493003534DC /* Assets.xcassets in Resources */ = {isa = PBXBuildFile; fileRef = F6FFE3EE23605493003534DC /* Assets.xcassets */; };
		F6FFE3F223605493003534DC /* LaunchScreen.storyboard in Resources */ = {isa = PBXBuildFile; fileRef = F6FFE3F023605493003534DC /* LaunchScreen.storyboard */; };
/* End PBXBuildFile section */

/* Begin PBXFileReference section */
		F6FFE3E223605490003534DC /* UserInterface_KandalovaElena.app */ = {isa = PBXFileReference; explicitFileType = wrapper.application; includeInIndex = 0; path = UserInterface_KandalovaElena.app; sourceTree = BUILT_PRODUCTS_DIR; };
		F6FFE3E523605490003534DC /* AppDelegate.swift */ = {isa = PBXFileReference; lastKnownFileType = sourcecode.swift; path = AppDelegate.swift; sourceTree = "<group>"; };
		F6FFE3E723605490003534DC /* SceneDelegate.swift */ = {isa = PBXFileReference; lastKnownFileType = sourcecode.swift; path = SceneDelegate.swift; sourceTree = "<group>"; };
		F6FFE3E923605490003534DC /* ViewController.swift */ = {isa = PBXFileReference; lastKnownFileType = sourcecode.swift; path = ViewController.swift; sourceTree = "<group>"; };
		F6FFE3EC23605490003534DC /* Base */ = {isa = PBXFileReference; lastKnownFileType = file.storyboard; name = Base; path = Base.lproj/Main.storyboard; sourceTree = "<group>"; };
		F6FFE3EE23605493003534DC /* Assets.xcassets */ = {isa = PBXFileReference; lastKnownFileType = folder.assetcatalog; path = Assets.xcassets; sourceTree = "<group>"; };
		F6FFE3F123605493003534DC /* Base */ = {isa = PBXFileReference; lastKnownFileType = file.storyboard; name = Base; path = Base.lproj/LaunchScreen.storyboard; sourceTree = "<group>"; };
		F6FFE3F323605493003534DC /* Info.plist */ = {isa = PBXFileReference; lastKnownFileType = text.plist.xml; path = Info.plist; sourceTree = "<group>"; };
/* End PBXFileReference section */

/* Begin PBXFrameworksBuildPhase section */
		F6FFE3DF23605490003534DC /* Frameworks */ = {
			isa = PBXFrameworksBuildPhase;
			buildActionMask = 2147483647;
			files = (
			);
			runOnlyForDeploymentPostprocessing = 0;
		};
/* End PBXFrameworksBuildPhase section */

/* Begin PBXGroup section */
		F6FFE3D923605490003534DC = {
			isa = PBXGroup;
			children = (
				F6FFE3E423605490003534DC /* UserInterface_KandalovaElena */,
				F6FFE3E323605490003534DC /* Products */,
			);
			sourceTree = "<group>";
		};
		F6FFE3E323605490003534DC /* Products */ = {
			isa = PBXGroup;
			children = (
				F6FFE3E223605490003534DC /* UserInterface_KandalovaElena.app */,
			);
			name = Products;
			sourceTree = "<group>";
		};
		F6FFE3E423605490003534DC /* UserInterface_KandalovaElena */ = {
			isa = PBXGroup;
			children = (
				F6FFE3E523605490003534DC /* AppDelegate.swift */,
				F6FFE3E723605490003534DC /* SceneDelegate.swift */,
				F6FFE3E923605490003534DC /* ViewController.swift */,
				F6FFE3EB23605490003534DC /* Main.storyboard */,
				F6FFE3EE23605493003534DC /* Assets.xcassets */,
				F6FFE3F023605493003534DC /* LaunchScreen.storyboard */,
				F6FFE3F323605493003534DC /* Info.plist */,
			);
			path = UserInterface_KandalovaElena;
			sourceTree = "<group>";
		};
/* End PBXGroup section */

/* Begin PBXNativeTarget section */
		F6FFE3E123605490003534DC /* UserInterface_KandalovaElena */ = {
			isa = PBXNativeTarget;
			buildConfigurationList = F6FFE3F623605493003534DC /* Build configuration list for PBXNativeTarget "UserInterface_KandalovaElena" */;
			buildPhases = (
				F6FFE3DE23605490003534DC /* Sources */,
				F6FFE3DF23605490003534DC /* Frameworks */,
				F6FFE3E023605490003534DC /* Resources */,
			);
			buildRules = (
			);
			dependencies = (
			);
			name = UserInterface_KandalovaElena;
			productName = UserInterface_KandalovaElena;
			productReference = F6FFE3E223605490003534DC /* UserInterface_KandalovaElena.app */;
			productType = "com.apple.product-type.application";
		};
/* End PBXNativeTarget section */

/* Begin PBXProject section */
		F6FFE3DA23605490003534DC /* Project object */ = {
			isa = PBXProject;
			attributes = {
				LastSwiftUpdateCheck = 1110;
				LastUpgradeCheck = 1110;
				ORGANIZATIONNAME = "Elena Kandalova";
				TargetAttributes = {
					F6FFE3E123605490003534DC = {
						CreatedOnToolsVersion = 11.1;
					};
				};
			};
			buildConfigurationList = F6FFE3DD23605490003534DC /* Build configuration list for PBXProject "UserInterface_KandalovaElena" */;
			compatibilityVersion = "Xcode 9.3";
			developmentRegion = en;
			hasScannedForEncodings = 0;
			knownRegions = (
				en,
				Base,
			);
			mainGroup = F6FFE3D923605490003534DC;
			productRefGroup = F6FFE3E323605490003534DC /* Products */;
			projectDirPath = "";
			projectRoot = "";
			targets = (
				F6FFE3E123605490003534DC /* UserInterface_KandalovaElena */,
			);
		};
/* End PBXProject section */

/* Begin PBXResourcesBuildPhase section */
		F6FFE3E023605490003534DC /* Resources */ = {
			isa = PBXResourcesBuildPhase;
			buildActionMask = 2147483647;
			files = (
				F6FFE3F223605493003534DC /* LaunchScreen.storyboard in Resources */,
				F6FFE3EF23605493003534DC /* Assets.xcassets in Resources */,
				F6FFE3ED23605490003534DC /* Main.storyboard in Resources */,
			);
			runOnlyForDeploymentPostprocessing = 0;
		};
/* End PBXResourcesBuildPhase section */

/* Begin PBXSourcesBuildPhase section */
		F6FFE3DE23605490003534DC /* Sources */ = {
			isa = PBXSourcesBuildPhase;
			buildActionMask = 2147483647;
			files = (
				F6FFE3EA23605490003534DC /* ViewController.swift in Sources */,
				F6FFE3E623605490003534DC /* AppDelegate.swift in Sources */,
				F6FFE3E823605490003534DC /* SceneDelegate.swift in Sources */,
			);
			runOnlyForDeploymentPostprocessing = 0;
		};
/* End PBXSourcesBuildPhase section */

/* Begin PBXVariantGroup section */
		F6FFE3EB23605490003534DC /* Main.storyboard */ = {
			isa = PBXVariantGroup;
			children = (
				F6FFE3EC23605490003534DC /* Base */,
			);
			name = Main.storyboard;
			sourceTree = "<group>";
		};
		F6FFE3F023605493003534DC /* LaunchScreen.storyboard */ = {
			isa = PBXVariantGroup;
			children = (
				F6FFE3F123605493003534DC /* Base */,
			);
			name = LaunchScreen.storyboard;
			sourceTree = "<group>";
		};
/* End PBXVariantGroup section */

/* Begin XCBuildConfiguration section */
		F6FFE3F423605493003534DC /* Debug */ = {
			isa = XCBuildConfiguration;
			buildSettings = {
				ALWAYS_SEARCH_USER_PATHS = NO;
				CLANG_ANALYZER_NONNULL = YES;
				CLANG_ANALYZER_NUMBER_OBJECT_CONVERSION = YES_AGGRESSIVE;
				CLANG_CXX_LANGUAGE_STANDARD = "gnu++14";
				CLANG_CXX_LIBRARY = "libc++";
				CLANG_ENABLE_MODULES = YES;
				CLANG_ENABLE_OBJC_ARC = YES;
				CLANG_ENABLE_OBJC_WEAK = YES;
				CLANG_WARN_BLOCK_CAPTURE_AUTORELEASING = YES;
				CLANG_WARN_BOOL_CONVERSION = YES;
				CLANG_WARN_COMMA = YES;
				CLANG_WARN_CONSTANT_CONVERSION = YES;
				CLANG_WARN_DEPRECATED_OBJC_IMPLEMENTATIONS = YES;
				CLANG_WARN_DIRECT_OBJC_ISA_USAGE = YES_ERROR;
				CLANG_WARN_DOCUMENTATION_COMMENTS = YES;
				CLANG_WARN_EMPTY_BODY = YES;
				CLANG_WARN_ENUM_CONVERSION = YES;
				CLANG_WARN_INFINITE_RECURSION = YES;
				CLANG_WARN_INT_CONVERSION = YES;
				CLANG_WARN_NON_LITERAL_NULL_CONVERSION = YES;
				CLANG_WARN_OBJC_IMPLICIT_RETAIN_SELF = YES;
				CLANG_WARN_OBJC_LITERAL_CONVERSION = YES;
				CLANG_WARN_OBJC_ROOT_CLASS = YES_ERROR;
				CLANG_WARN_RANGE_LOOP_ANALYSIS = YES;
				CLANG_WARN_STRICT_PROTOTYPES = YES;
				CLANG_WARN_SUSPICIOUS_MOVE = YES;
				CLANG_WARN_UNGUARDED_AVAILABILITY = YES_AGGRESSIVE;
				CLANG_WARN_UNREACHABLE_CODE = YES;
				CLANG_WARN__DUPLICATE_METHOD_MATCH = YES;
				COPY_PHASE_STRIP = NO;
				DEBUG_INFORMATION_FORMAT = dwarf;
				ENABLE_STRICT_OBJC_MSGSEND = YES;
				ENABLE_TESTABILITY = YES;
				GCC_C_LANGUAGE_STANDARD = gnu11;
				GCC_DYNAMIC_NO_PIC = NO;
				GCC_NO_COMMON_BLOCKS = YES;
				GCC_OPTIMIZATION_LEVEL = 0;
				GCC_PREPROCESSOR_DEFINITIONS = (
					"DEBUG=1",
					"$(inherited)",
				);
				GCC_WARN_64_TO_32_BIT_CONVERSION = YES;
				GCC_WARN_ABOUT_RETURN_TYPE = YES_ERROR;
				GCC_WARN_UNDECLARED_SELECTOR = YES;
				GCC_WARN_UNINITIALIZED_AUTOS = YES_AGGRESSIVE;
				GCC_WARN_UNUSED_FUNCTION = YES;
				GCC_WARN_UNUSED_VARIABLE = YES;
				IPHONEOS_DEPLOYMENT_TARGET = 13.1;
				MTL_ENABLE_DEBUG_INFO = INCLUDE_SOURCE;
				MTL_FAST_MATH = YES;
				ONLY_ACTIVE_ARCH = YES;
				SDKROOT = iphoneos;
				SWIFT_ACTIVE_COMPILATION_CONDITIONS = DEBUG;
				SWIFT_OPTIMIZATION_LEVEL = "-Onone";
			};
			name = Debug;
		};
		F6FFE3F523605493003534DC /* Release */ = {
			isa = XCBuildConfiguration;
			buildSettings = {
				ALWAYS_SEARCH_USER_PATHS = NO;
				CLANG_ANALYZER_NONNULL = YES;
				CLANG_ANALYZER_NUMBER_OBJECT_CONVERSION = YES_AGGRESSIVE;
				CLANG_CXX_LANGUAGE_STANDARD = "gnu++14";
				CLANG_CXX_LIBRARY = "libc++";
				CLANG_ENABLE_MODULES = YES;
				CLANG_ENABLE_OBJC_ARC = YES;
				CLANG_ENABLE_OBJC_WEAK = YES;
				CLANG_WARN_BLOCK_CAPTURE_AUTORELEASING = YES;
				CLANG_WARN_BOOL_CONVERSION = YES;
				CLANG_WARN_COMMA = YES;
				CLANG_WARN_CONSTANT_CONVERSION = YES;
				CLANG_WARN_DEPRECATED_OBJC_IMPLEMENTATIONS = YES;
				CLANG_WARN_DIRECT_OBJC_ISA_USAGE = YES_ERROR;
				CLANG_WARN_DOCUMENTATION_COMMENTS = YES;
				CLANG_WARN_EMPTY_BODY = YES;
				CLANG_WARN_ENUM_CONVERSION = YES;
				CLANG_WARN_INFINITE_RECURSION = YES;
				CLANG_WARN_INT_CONVERSION = YES;
				CLANG_WARN_NON_LITERAL_NULL_CONVERSION = YES;
				CLANG_WARN_OBJC_IMPLICIT_RETAIN_SELF = YES;
				CLANG_WARN_OBJC_LITERAL_CONVERSION = YES;
				CLANG_WARN_OBJC_ROOT_CLASS = YES_ERROR;
				CLANG_WARN_RANGE_LOOP_ANALYSIS = YES;
				CLANG_WARN_STRICT_PROTOTYPES = YES;
				CLANG_WARN_SUSPICIOUS_MOVE = YES;
				CLANG_WARN_UNGUARDED_AVAILABILITY = YES_AGGRESSIVE;
				CLANG_WARN_UNREACHABLE_CODE = YES;
				CLANG_WARN__DUPLICATE_METHOD_MATCH = YES;
				COPY_PHASE_STRIP = NO;
				DEBUG_INFORMATION_FORMAT = "dwarf-with-dsym";
				ENABLE_NS_ASSERTIONS = NO;
				ENABLE_STRICT_OBJC_MSGSEND = YES;
				GCC_C_LANGUAGE_STANDARD = gnu11;
				GCC_NO_COMMON_BLOCKS = YES;
				GCC_WARN_64_TO_32_BIT_CONVERSION = YES;
				GCC_WARN_ABOUT_RETURN_TYPE = YES_ERROR;
				GCC_WARN_UNDECLARED_SELECTOR = YES;
				GCC_WARN_UNINITIALIZED_AUTOS = YES_AGGRESSIVE;
				GCC_WARN_UNUSED_FUNCTION = YES;
				GCC_WARN_UNUSED_VARIABLE = YES;
				IPHONEOS_DEPLOYMENT_TARGET = 13.1;
				MTL_ENABLE_DEBUG_INFO = NO;
				MTL_FAST_MATH = YES;
				SDKROOT = iphoneos;
				SWIFT_COMPILATION_MODE = wholemodule;
				SWIFT_OPTIMIZATION_LEVEL = "-O";
				VALIDATE_PRODUCT = YES;
			};
			name = Release;
		};
		F6FFE3F723605493003534DC /* Debug */ = {
			isa = XCBuildConfiguration;
			buildSettings = {
				ASSETCATALOG_COMPILER_APPICON_NAME = AppIcon;
				CODE_SIGN_STYLE = Automatic;
				INFOPLIST_FILE = UserInterface_KandalovaElena/Info.plist;
				LD_RUNPATH_SEARCH_PATHS = (
					"$(inherited)",
					"@executable_path/Frameworks",
				);
				PRODUCT_BUNDLE_IDENTIFIER = "Elena-Kandalova.UserInterface-KandalovaElena";
				PRODUCT_NAME = "$(TARGET_NAME)";
				SWIFT_VERSION = 5.0;
				TARGETED_DEVICE_FAMILY = "1,2";
			};
			name = Debug;
		};
		F6FFE3F823605493003534DC /* Release */ = {
			isa = XCBuildConfiguration;
			buildSettings = {
				ASSETCATALOG_COMPILER_APPICON_NAME = AppIcon;
				CODE_SIGN_STYLE = Automatic;
				INFOPLIST_FILE = UserInterface_KandalovaElena/Info.plist;
				LD_RUNPATH_SEARCH_PATHS = (
					"$(inherited)",
					"@executable_path/Frameworks",
				);
				PRODUCT_BUNDLE_IDENTIFIER = "Elena-Kandalova.UserInterface-KandalovaElena";
				PRODUCT_NAME = "$(TARGET_NAME)";
				SWIFT_VERSION = 5.0;
				TARGETED_DEVICE_FAMILY = "1,2";
			};
			name = Release;
		};
/* End XCBuildConfiguration section */

/* Begin XCConfigurationList section */
		F6FFE3DD23605490003534DC /* Build configuration list for PBXProject "UserInterface_KandalovaElena" */ = {
			isa = XCConfigurationList;
			buildConfigurations = (
				F6FFE3F423605493003534DC /* Debug */,
				F6FFE3F523605493003534DC /* Release */,
			);
			defaultConfigurationIsVisible = 0;
			defaultConfigurationName = Release;
		};
		F6FFE3F623605493003534DC /* Build configuration list for PBXNativeTarget "UserInterface_KandalovaElena" */ = {
			isa = XCConfigurationList;
			buildConfigurations = (
				F6FFE3F723605493003534DC /* Debug */,
				F6FFE3F823605493003534DC /* Release */,
			);
			defaultConfigurationIsVisible = 0;
			defaultConfigurationName = Release;
		};
/* End XCConfigurationList section */
	};
	rootObject = F6FFE3DA23605490003534DC /* Project object */;
}
